Microsoft Visual Studio Solution File, Format Version 11.00
# Visual Studio 2010
Project("{FAE04EC0-301F-11D3-BF4B-00C04F79EFBC}") = "DynamicsCRM Provider Demo for iOS", "DynamicsCRM Provider Demo for iOS.csproj", "{4AEBCFE1-0794-4B84-BCDB-16D15AA8F776}"
EndProject
Global
	GlobalSection(SolutionConfigurationPlatforms) = preSolution
		Debug|iPhoneSimulator = Debug|iPhoneSimulator
		Release|iPhoneSimulator = Release|iPhoneSimulator
		Debug|iPhone = Debug|iPhone
		Release|iPhone = Release|iPhone
		Ad-Hoc|iPhone = Ad-Hoc|iPhone
		AppStore|iPhone = AppStore|iPhone
	EndGlobalSection
	GlobalSection(ProjectConfigurationPlatforms) = postSolution
		{4AEBCFE1-0794-4B84-BCDB-16D15AA8F776}.Ad-Hoc|iPhone.ActiveCfg = Ad-Hoc|iPhone
		{4AEBCFE1-0794-4B84-BCDB-16D15AA8F776}.Ad-Hoc|iPhone.Build.0 = Ad-Hoc|iPhone
		{4AEBCFE1-0794-4B84-BCDB-16D15AA8F776}.AppStore|iPhone.ActiveCfg = AppStore|iPhone
		{4AEBCFE1-0794-4B84-BCDB-16D15AA8F776}.AppStore|iPhone.Build.0 = AppStore|iPhone
		{4AEBCFE1-0794-4B84-BCDB-16D15AA8F776}.Debug|iPhone.ActiveCfg = Debug|iPhone
		{4AEBCFE1-0794-4B84-BCDB-16D15AA8F776}.Debug|iPhone.Build.0 = Debug|iPhone
		{4AEBCFE1-0794-4B84-BCDB-16D15AA8F776}.Debug|iPhoneSimulator.ActiveCfg = Debug|iPhoneSimulator
		{4AEBCFE1-0794-4B84-BCDB-16D15AA8F776}.Debug|iPhoneSimulator.Build.0 = Debug|iPhoneSimulator
		{4AEBCFE1-0794-4B84-BCDB-16D15AA8F776}.Release|iPhone.ActiveCfg = Release|iPhone
		{4AEBCFE1-0794-4B84-BCDB-16D15AA8F776}.Release|iPhone.Build.0 = Release|iPhone
		{4AEBCFE1-0794-4B84-BCDB-16D15AA8F776}.Release|iPhoneSimulator.ActiveCfg = Release|iPhoneSimulator
		{4AEBCFE1-0794-4B84-BCDB-16D15AA8F776}.Release|iPhoneSimulator.Build.0 = Release|iPhoneSimulator
	EndGlobalSection
	GlobalSection(MonoDevelopProperties) = preSolution
		StartupItem = DynamicsCRM Provider Demo for iOS.csproj
	EndGlobalSection
EndGlobal
